
Microsoft Visual Studio Solution File, Format Version 12.00
# Visual Studio Version 16
VisualStudioVersion = 16.0.30011.22
MinimumVisualStudioVersion = 10.0.40219.1
Project("{8BC9CEB8-8B4A-11D0-8D11-00A0C91BC942}") = "log_lib", "log_lib\log_lib.vcxproj", "{344A67B5-AADB-4237-8427-85896166F8A0}"
	ProjectSection(ProjectDependencies) = postProject
		{9653AE57-8CB0-4DE0-87DE-74DD9912D64A} = {9653AE57-8CB0-4DE0-87DE-74DD9912D64A}
	EndProjectSection
EndProject
Project("{8BC9CEB8-8B4A-11D0-8D11-00A0C91BC942}") = "getopt_lib", "deps\getopt_lib\getopt_lib.vcxproj", "{DCEAF51A-3364-488F-AFC9-23CEFDB21AEE}"
EndProject
Project("{8BC9CEB8-8B4A-11D0-8D11-00A0C91BC942}") = "sstring_lib", "deps\sstring_lib\sstring_lib.vcxproj", "{9653AE57-8CB0-4DE0-87DE-74DD9912D64A}"
EndProject
Project("{8BC9CEB8-8B4A-11D0-8D11-00A0C91BC942}") = "cmocka", "deps\cmocka_lib\cmocka.vcxproj", "{455D280B-B5ED-4B00-907C-FCB0950555AA}"
EndProject
Project("{8BC9CEB8-8B4A-11D0-8D11-00A0C91BC942}") = "sm_calc", "sm_calc\sm_calc.vcxproj", "{43C48BC2-DF53-411A-A888-25C2C34D07AC}"
	ProjectSection(ProjectDependencies) = postProject
		{455D280B-B5ED-4B00-907C-FCB0950555AA} = {455D280B-B5ED-4B00-907C-FCB0950555AA}
		{DCEAF51A-3364-488F-AFC9-23CEFDB21AEE} = {DCEAF51A-3364-488F-AFC9-23CEFDB21AEE}
		{9653AE57-8CB0-4DE0-87DE-74DD9912D64A} = {9653AE57-8CB0-4DE0-87DE-74DD9912D64A}
		{344A67B5-AADB-4237-8427-85896166F8A0} = {344A67B5-AADB-4237-8427-85896166F8A0}
	EndProjectSection
EndProject
Project("{8BC9CEB8-8B4A-11D0-8D11-00A0C91BC942}") = "sm_calc_tests", "sm_calc_tests\sm_calc_tests.vcxproj", "{9281ED45-E1CE-415E-9A3D-F7FFC61CB29B}"
	ProjectSection(ProjectDependencies) = postProject
		{455D280B-B5ED-4B00-907C-FCB0950555AA} = {455D280B-B5ED-4B00-907C-FCB0950555AA}
		{DCEAF51A-3364-488F-AFC9-23CEFDB21AEE} = {DCEAF51A-3364-488F-AFC9-23CEFDB21AEE}
		{FF9E0B4A-9642-4A3A-A989-1216F361F575} = {FF9E0B4A-9642-4A3A-A989-1216F361F575}
		{9653AE57-8CB0-4DE0-87DE-74DD9912D64A} = {9653AE57-8CB0-4DE0-87DE-74DD9912D64A}
		{240CE2A0-7708-4AD5-BA22-57BB1A1039C4} = {240CE2A0-7708-4AD5-BA22-57BB1A1039C4}
		{F88763AE-2F97-4ABC-8652-B529DC1A8F1B} = {F88763AE-2F97-4ABC-8652-B529DC1A8F1B}
		{344A67B5-AADB-4237-8427-85896166F8A0} = {344A67B5-AADB-4237-8427-85896166F8A0}
		{43C48BC2-DF53-411A-A888-25C2C34D07AC} = {43C48BC2-DF53-411A-A888-25C2C34D07AC}
		{D7DFF2DF-2C00-445F-8AD3-47955E6A95FF} = {D7DFF2DF-2C00-445F-8AD3-47955E6A95FF}
		{50EF56FD-AFBD-492E-B9BB-915F044AAFA5} = {50EF56FD-AFBD-492E-B9BB-915F044AAFA5}
	EndProjectSection
EndProject
Project("{8BC9CEB8-8B4A-11D0-8D11-00A0C91BC942}") = "sm_calc_test", "tests\sm_calc_test.vcxproj", "{240CE2A0-7708-4AD5-BA22-57BB1A1039C4}"
	ProjectSection(ProjectDependencies) = postProject
		{455D280B-B5ED-4B00-907C-FCB0950555AA} = {455D280B-B5ED-4B00-907C-FCB0950555AA}
		{DCEAF51A-3364-488F-AFC9-23CEFDB21AEE} = {DCEAF51A-3364-488F-AFC9-23CEFDB21AEE}
		{9653AE57-8CB0-4DE0-87DE-74DD9912D64A} = {9653AE57-8CB0-4DE0-87DE-74DD9912D64A}
		{344A67B5-AADB-4237-8427-85896166F8A0} = {344A67B5-AADB-4237-8427-85896166F8A0}
		{43C48BC2-DF53-411A-A888-25C2C34D07AC} = {43C48BC2-DF53-411A-A888-25C2C34D07AC}
	EndProjectSection
EndProject
Project("{8BC9CEB8-8B4A-11D0-8D11-00A0C91BC942}") = "sm_calc_test_expr", "tests\sm_calc_test_expr.vcxproj", "{F88763AE-2F97-4ABC-8652-B529DC1A8F1B}"
	ProjectSection(ProjectDependencies) = postProject
		{455D280B-B5ED-4B00-907C-FCB0950555AA} = {455D280B-B5ED-4B00-907C-FCB0950555AA}
		{DCEAF51A-3364-488F-AFC9-23CEFDB21AEE} = {DCEAF51A-3364-488F-AFC9-23CEFDB21AEE}
		{9653AE57-8CB0-4DE0-87DE-74DD9912D64A} = {9653AE57-8CB0-4DE0-87DE-74DD9912D64A}
		{344A67B5-AADB-4237-8427-85896166F8A0} = {344A67B5-AADB-4237-8427-85896166F8A0}
		{43C48BC2-DF53-411A-A888-25C2C34D07AC} = {43C48BC2-DF53-411A-A888-25C2C34D07AC}
	EndProjectSection
EndProject
Project("{8BC9CEB8-8B4A-11D0-8D11-00A0C91BC942}") = "sm_calc_test_files", "tests\sm_calc_test_files.vcxproj", "{50EF56FD-AFBD-492E-B9BB-915F044AAFA5}"
	ProjectSection(ProjectDependencies) = postProject
		{455D280B-B5ED-4B00-907C-FCB0950555AA} = {455D280B-B5ED-4B00-907C-FCB0950555AA}
		{DCEAF51A-3364-488F-AFC9-23CEFDB21AEE} = {DCEAF51A-3364-488F-AFC9-23CEFDB21AEE}
		{9653AE57-8CB0-4DE0-87DE-74DD9912D64A} = {9653AE57-8CB0-4DE0-87DE-74DD9912D64A}
		{344A67B5-AADB-4237-8427-85896166F8A0} = {344A67B5-AADB-4237-8427-85896166F8A0}
		{43C48BC2-DF53-411A-A888-25C2C34D07AC} = {43C48BC2-DF53-411A-A888-25C2C34D07AC}
	EndProjectSection
EndProject
Project("{8BC9CEB8-8B4A-11D0-8D11-00A0C91BC942}") = "sm_calc_test_log", "tests\sm_calc_test_log.vcxproj", "{D7DFF2DF-2C00-445F-8AD3-47955E6A95FF}"
	ProjectSection(ProjectDependencies) = postProject
		{455D280B-B5ED-4B00-907C-FCB0950555AA} = {455D280B-B5ED-4B00-907C-FCB0950555AA}
		{DCEAF51A-3364-488F-AFC9-23CEFDB21AEE} = {DCEAF51A-3364-488F-AFC9-23CEFDB21AEE}
		{9653AE57-8CB0-4DE0-87DE-74DD9912D64A} = {9653AE57-8CB0-4DE0-87DE-74DD9912D64A}
		{344A67B5-AADB-4237-8427-85896166F8A0} = {344A67B5-AADB-4237-8427-85896166F8A0}
		{43C48BC2-DF53-411A-A888-25C2C34D07AC} = {43C48BC2-DF53-411A-A888-25C2C34D07AC}
	EndProjectSection
EndProject
Project("{8BC9CEB8-8B4A-11D0-8D11-00A0C91BC942}") = "sm_calc_test_mthread", "tests\sm_calc_test_mthread.vcxproj", "{FF9E0B4A-9642-4A3A-A989-1216F361F575}"
	ProjectSection(ProjectDependencies) = postProject
		{455D280B-B5ED-4B00-907C-FCB0950555AA} = {455D280B-B5ED-4B00-907C-FCB0950555AA}
		{DCEAF51A-3364-488F-AFC9-23CEFDB21AEE} = {DCEAF51A-3364-488F-AFC9-23CEFDB21AEE}
		{9653AE57-8CB0-4DE0-87DE-74DD9912D64A} = {9653AE57-8CB0-4DE0-87DE-74DD9912D64A}
		{344A67B5-AADB-4237-8427-85896166F8A0} = {344A67B5-AADB-4237-8427-85896166F8A0}
		{43C48BC2-DF53-411A-A888-25C2C34D07AC} = {43C48BC2-DF53-411A-A888-25C2C34D07AC}
	EndProjectSection
EndProject
Global
	GlobalSection(SolutionConfigurationPlatforms) = preSolution
		Debug|x64 = Debug|x64
		Debug|x86 = Debug|x86
		Release|x64 = Release|x64
		Release|x86 = Release|x86
	EndGlobalSection
	GlobalSection(ProjectConfigurationPlatforms) = postSolution
		{344A67B5-AADB-4237-8427-85896166F8A0}.Debug|x64.ActiveCfg = Debug|x64
		{344A67B5-AADB-4237-8427-85896166F8A0}.Debug|x64.Build.0 = Debug|x64
		{344A67B5-AADB-4237-8427-85896166F8A0}.Debug|x86.ActiveCfg = Debug|Win32
		{344A67B5-AADB-4237-8427-85896166F8A0}.Debug|x86.Build.0 = Debug|Win32
		{344A67B5-AADB-4237-8427-85896166F8A0}.Release|x64.ActiveCfg = Release|x64
		{344A67B5-AADB-4237-8427-85896166F8A0}.Release|x64.Build.0 = Release|x64
		{344A67B5-AADB-4237-8427-85896166F8A0}.Release|x86.ActiveCfg = Release|Win32
		{344A67B5-AADB-4237-8427-85896166F8A0}.Release|x86.Build.0 = Release|Win32
		{DCEAF51A-3364-488F-AFC9-23CEFDB21AEE}.Debug|x64.ActiveCfg = Debug|x64
		{DCEAF51A-3364-488F-AFC9-23CEFDB21AEE}.Debug|x64.Build.0 = Debug|x64
		{DCEAF51A-3364-488F-AFC9-23CEFDB21AEE}.Debug|x86.ActiveCfg = Debug|Win32
		{DCEAF51A-3364-488F-AFC9-23CEFDB21AEE}.Debug|x86.Build.0 = Debug|Win32
		{DCEAF51A-3364-488F-AFC9-23CEFDB21AEE}.Release|x64.ActiveCfg = Release|x64
		{DCEAF51A-3364-488F-AFC9-23CEFDB21AEE}.Release|x64.Build.0 = Release|x64
		{DCEAF51A-3364-488F-AFC9-23CEFDB21AEE}.Release|x86.ActiveCfg = Release|Win32
		{DCEAF51A-3364-488F-AFC9-23CEFDB21AEE}.Release|x86.Build.0 = Release|Win32
		{9653AE57-8CB0-4DE0-87DE-74DD9912D64A}.Debug|x64.ActiveCfg = Debug|x64
		{9653AE57-8CB0-4DE0-87DE-74DD9912D64A}.Debug|x64.Build.0 = Debug|x64
		{9653AE57-8CB0-4DE0-87DE-74DD9912D64A}.Debug|x86.ActiveCfg = Debug|Win32
		{9653AE57-8CB0-4DE0-87DE-74DD9912D64A}.Debug|x86.Build.0 = Debug|Win32
		{9653AE57-8CB0-4DE0-87DE-74DD9912D64A}.Release|x64.ActiveCfg = Release|x64
		{9653AE57-8CB0-4DE0-87DE-74DD9912D64A}.Release|x64.Build.0 = Release|x64
		{9653AE57-8CB0-4DE0-87DE-74DD9912D64A}.Release|x86.ActiveCfg = Release|Win32
		{9653AE57-8CB0-4DE0-87DE-74DD9912D64A}.Release|x86.Build.0 = Release|Win32
		{455D280B-B5ED-4B00-907C-FCB0950555AA}.Debug|x64.ActiveCfg = Debug|x64
		{455D280B-B5ED-4B00-907C-FCB0950555AA}.Debug|x64.Build.0 = Debug|x64
		{455D280B-B5ED-4B00-907C-FCB0950555AA}.Debug|x86.ActiveCfg = Debug|Win32
		{455D280B-B5ED-4B00-907C-FCB0950555AA}.Debug|x86.Build.0 = Debug|Win32
		{455D280B-B5ED-4B00-907C-FCB0950555AA}.Release|x64.ActiveCfg = Release|x64
		{455D280B-B5ED-4B00-907C-FCB0950555AA}.Release|x64.Build.0 = Release|x64
		{455D280B-B5ED-4B00-907C-FCB0950555AA}.Release|x86.ActiveCfg = Release|Win32
		{455D280B-B5ED-4B00-907C-FCB0950555AA}.Release|x86.Build.0 = Release|Win32
		{43C48BC2-DF53-411A-A888-25C2C34D07AC}.Debug|x64.ActiveCfg = Debug|x64
		{43C48BC2-DF53-411A-A888-25C2C34D07AC}.Debug|x64.Build.0 = Debug|x64
		{43C48BC2-DF53-411A-A888-25C2C34D07AC}.Debug|x86.ActiveCfg = Debug|Win32
		{43C48BC2-DF53-411A-A888-25C2C34D07AC}.Debug|x86.Build.0 = Debug|Win32
		{43C48BC2-DF53-411A-A888-25C2C34D07AC}.Release|x64.ActiveCfg = Release|x64
		{43C48BC2-DF53-411A-A888-25C2C34D07AC}.Release|x64.Build.0 = Release|x64
		{43C48BC2-DF53-411A-A888-25C2C34D07AC}.Release|x86.ActiveCfg = Release|Win32
		{43C48BC2-DF53-411A-A888-25C2C34D07AC}.Release|x86.Build.0 = Release|Win32
		{9281ED45-E1CE-415E-9A3D-F7FFC61CB29B}.Debug|x64.ActiveCfg = Debug|x64
		{9281ED45-E1CE-415E-9A3D-F7FFC61CB29B}.Debug|x64.Build.0 = Debug|x64
		{9281ED45-E1CE-415E-9A3D-F7FFC61CB29B}.Debug|x86.ActiveCfg = Debug|Win32
		{9281ED45-E1CE-415E-9A3D-F7FFC61CB29B}.Debug|x86.Build.0 = Debug|Win32
		{9281ED45-E1CE-415E-9A3D-F7FFC61CB29B}.Release|x64.ActiveCfg = Release|x64
		{9281ED45-E1CE-415E-9A3D-F7FFC61CB29B}.Release|x64.Build.0 = Release|x64
		{9281ED45-E1CE-415E-9A3D-F7FFC61CB29B}.Release|x86.ActiveCfg = Release|Win32
		{9281ED45-E1CE-415E-9A3D-F7FFC61CB29B}.Release|x86.Build.0 = Release|Win32
		{240CE2A0-7708-4AD5-BA22-57BB1A1039C4}.Debug|x64.ActiveCfg = Debug|x64
		{240CE2A0-7708-4AD5-BA22-57BB1A1039C4}.Debug|x64.Build.0 = Debug|x64
		{240CE2A0-7708-4AD5-BA22-57BB1A1039C4}.Debug|x86.ActiveCfg = Debug|Win32
		{240CE2A0-7708-4AD5-BA22-57BB1A1039C4}.Debug|x86.Build.0 = Debug|Win32
		{240CE2A0-7708-4AD5-BA22-57BB1A1039C4}.Release|x64.ActiveCfg = Release|x64
		{240CE2A0-7708-4AD5-BA22-57BB1A1039C4}.Release|x64.Build.0 = Release|x64
		{240CE2A0-7708-4AD5-BA22-57BB1A1039C4}.Release|x86.ActiveCfg = Release|Win32
		{240CE2A0-7708-4AD5-BA22-57BB1A1039C4}.Release|x86.Build.0 = Release|Win32
		{F88763AE-2F97-4ABC-8652-B529DC1A8F1B}.Debug|x64.ActiveCfg = Debug|x64
		{F88763AE-2F97-4ABC-8652-B529DC1A8F1B}.Debug|x64.Build.0 = Debug|x64
		{F88763AE-2F97-4ABC-8652-B529DC1A8F1B}.Debug|x86.ActiveCfg = Debug|Win32
		{F88763AE-2F97-4ABC-8652-B529DC1A8F1B}.Debug|x86.Build.0 = Debug|Win32
		{F88763AE-2F97-4ABC-8652-B529DC1A8F1B}.Release|x64.ActiveCfg = Release|x64
		{F88763AE-2F97-4ABC-8652-B529DC1A8F1B}.Release|x64.Build.0 = Release|x64
		{F88763AE-2F97-4ABC-8652-B529DC1A8F1B}.Release|x86.ActiveCfg = Release|Win32
		{F88763AE-2F97-4ABC-8652-B529DC1A8F1B}.Release|x86.Build.0 = Release|Win32
		{50EF56FD-AFBD-492E-B9BB-915F044AAFA5}.Debug|x64.ActiveCfg = Debug|x64
		{50EF56FD-AFBD-492E-B9BB-915F044AAFA5}.Debug|x64.Build.0 = Debug|x64
		{50EF56FD-AFBD-492E-B9BB-915F044AAFA5}.Debug|x86.ActiveCfg = Debug|Win32
		{50EF56FD-AFBD-492E-B9BB-915F044AAFA5}.Debug|x86.Build.0 = Debug|Win32
		{50EF56FD-AFBD-492E-B9BB-915F044AAFA5}.Release|x64.ActiveCfg = Release|x64
		{50EF56FD-AFBD-492E-B9BB-915F044AAFA5}.Release|x64.Build.0 = Release|x64
		{50EF56FD-AFBD-492E-B9BB-915F044AAFA5}.Release|x86.ActiveCfg = Release|Win32
		{50EF56FD-AFBD-492E-B9BB-915F044AAFA5}.Release|x86.Build.0 = Release|Win32
		{D7DFF2DF-2C00-445F-8AD3-47955E6A95FF}.Debug|x64.ActiveCfg = Debug|x64
		{D7DFF2DF-2C00-445F-8AD3-47955E6A95FF}.Debug|x64.Build.0 = Debug|x64
		{D7DFF2DF-2C00-445F-8AD3-47955E6A95FF}.Debug|x86.ActiveCfg = Debug|Win32
		{D7DFF2DF-2C00-445F-8AD3-47955E6A95FF}.Debug|x86.Build.0 = Debug|Win32
		{D7DFF2DF-2C00-445F-8AD3-47955E6A95FF}.Release|x64.ActiveCfg = Release|x64
		{D7DFF2DF-2C00-445F-8AD3-47955E6A95FF}.Release|x64.Build.0 = Release|x64
		{D7DFF2DF-2C00-445F-8AD3-47955E6A95FF}.Release|x86.ActiveCfg = Release|Win32
		{D7DFF2DF-2C00-445F-8AD3-47955E6A95FF}.Release|x86.Build.0 = Release|Win32
		{FF9E0B4A-9642-4A3A-A989-1216F361F575}.Debug|x64.ActiveCfg = Debug|x64
		{FF9E0B4A-9642-4A3A-A989-1216F361F575}.Debug|x64.Build.0 = Debug|x64
		{FF9E0B4A-9642-4A3A-A989-1216F361F575}.Debug|x86.ActiveCfg = Debug|Win32
		{FF9E0B4A-9642-4A3A-A989-1216F361F575}.Debug|x86.Build.0 = Debug|Win32
		{FF9E0B4A-9642-4A3A-A989-1216F361F575}.Release|x64.ActiveCfg = Release|x64
		{FF9E0B4A-9642-4A3A-A989-1216F361F575}.Release|x64.Build.0 = Release|x64
		{FF9E0B4A-9642-4A3A-A989-1216F361F575}.Release|x86.ActiveCfg = Release|Win32
		{FF9E0B4A-9642-4A3A-A989-1216F361F575}.Release|x86.Build.0 = Release|Win32
	EndGlobalSection
	GlobalSection(SolutionProperties) = preSolution
		HideSolutionNode = FALSE
	EndGlobalSection
	GlobalSection(ExtensibilityGlobals) = postSolution
		SolutionGuid = {76525BC7-61EB-47E9-8A5B-DA879934EA28}
	EndGlobalSection
EndGlobal
