<?xml version="1.0" encoding="utf-8"?>
<Project ToolsVersion="4.0" xmlns="http://schemas.microsoft.com/developer/msbuild/2003">
  <ItemGroup>
    <Manifest Include="sm_calc.manifest" />
  </ItemGroup>
  <ItemGroup>
    <ClCompile Include="sm_calc.c">
      <Filter>Source Files</Filter>
    </ClCompile>
    <ClCompile Include="sm_calc_l.c">
      <Filter>Source Files</Filter>
    </ClCompile>
    <ClCompile Include="sm_calc_proc.c">
      <Filter>Source Files</Filter>
    </ClCompile>
    <ClCompile Include="sm_calc_y.c">
      <Filter>Source Files</Filter>
    </ClCompile>
  </ItemGroup>
  <ItemGroup>
    <ClInclude Include="framework.h">
      <Filter>Header Files</Filter>
    </ClInclude>
    <ClInclude Include="pch.h">
      <Filter>Header Files</Filter>
    </ClInclude>
    <ClInclude Include="sm_calc_proc.h">
      <Filter>Header Files</Filter>
    </ClInclude>
    <ClInclude Include="sm_calc_y.h">
      <Filter>Header Files</Filter>
    </ClInclude>
    <ClInclude Include="sm_calc_types.h">
      <Filter>Header Files</Filter>
    </ClInclude>
    <ClInclude Include="sm_calc_l.h">
      <Filter>Header Files</Filter>
    </ClInclude>
    <ClInclude Include="sm_calc.h">
      <Filter>Header Files</Filter>
    </ClInclude>
  </ItemGroup>
  <ItemGroup>
    <CustomBuild Include="sm_calc.l" />
    <CustomBuild Include="sm_calc.y" />
  </ItemGroup>
  <ItemGroup>
    <Filter Include="Header Files">
      <UniqueIdentifier>{d4f1e706-d65e-4eb3-a877-63cecd1bc78f}</UniqueIdentifier>
    </Filter>
    <Filter Include="Source Files">
      <UniqueIdentifier>{55a3a7f9-454f-47f6-ab3a-9fbd484344d1}</UniqueIdentifier>
    </Filter>
    <Filter Include="Resource Files">
      <UniqueIdentifier>{e03d8b6e-f505-48ec-8de8-d22d540e1067}</UniqueIdentifier>
    </Filter>
  </ItemGroup>
</Project>